PODS:
  - SubstrateSdk (0.0.1)

DEPENDENCIES:
  - SubstrateSdk (from `../substrate_sdk`)

EXTERNAL SOURCES:
  SubstrateSdk:
    :path: "../substrate_sdk"

SPEC CHECKSUMS:
  SubstrateSdk: 6b02886dde44bebf32c767713645f61ce5fca07f

PODFILE CHECKSUM: 90924727eb64c0394bfe7f45c0283791886ec7d2

COCOAPODS: 1.11.3
